
Microsoft Visual Studio Solution File, Format Version 12.00
# Visual Studio Version 16
VisualStudioVersion = 16.0.31911.196
MinimumVisualStudioVersion = 10.0.40219.1
Project("{FAE04EC0-301F-11D3-BF4B-00C04F79EFBC}") = "WebApplicationAbdul", "WebApplicationAbdul\WebApplicationAbdul.csproj", "{1C98F380-C104-4E11-A5A0-410AF4CBDA59}"
EndProject
Global
	GlobalSection(SolutionConfigurationPlatforms) = preSolution
		Debug|Any CPU = Debug|Any CPU
		Release|Any CPU = Release|Any CPU
	EndGlobalSection
	GlobalSection(ProjectConfigurationPlatforms) = postSolution
		{1C98F380-C104-4E11-A5A0-410AF4CBDA59}.Debug|Any CPU.ActiveCfg = Debug|Any CPU
		{1C98F380-C104-4E11-A5A0-410AF4CBDA59}.Debug|Any CPU.Build.0 = Debug|Any CPU
		{1C98F380-C104-4E11-A5A0-410AF4CBDA59}.Release|Any CPU.ActiveCfg = Release|Any CPU
		{1C98F380-C104-4E11-A5A0-410AF4CBDA59}.Release|Any CPU.Build.0 = Release|Any CPU
	EndGlobalSection
	GlobalSection(SolutionProperties) = preSolution
		HideSolutionNode = FALSE
	EndGlobalSection
	GlobalSection(ExtensibilityGlobals) = postSolution
		SolutionGuid = {D6696061-3CC9-4832-B3B7-F0A72606B00B}
	EndGlobalSection
EndGlobal
